{
  "name": "ecsd-blog-project",
  "lockfileVersion": 2,
  "requires": true,
  "packages": {
    "": {
      "dependencies": {
        "eslint-plugin-blog-project": "file:eslint"
      }
    },
    "eslint": {
      "name": "eslint-plugin-blog-project",
      "version": "1.0.0"
    },
    "node_modules/eslint-plugin-blog-project": {
      "resolved": "eslint",
      "link": true
    }
  },
  "dependencies": {
    "eslint-plugin-blog-project": {
      "version": "file:eslint"
    }
  }
}
